
Microsoft Visual Studio Solution File, Format Version 12.00
# Visual Studio Version 17
VisualStudioVersion = 17.14.36623.8 d17.14
MinimumVisualStudioVersion = 10.0.40219.1
Project("{FAE04EC0-301F-11D3-BF4B-00C04F79EFBC}") = "WW02Tasks", "WW02Tasks.csproj", "{5FB644D7-F4F3-4C8F-A91A-EAEACE1F6889}"
EndProject
Global
	GlobalSection(SolutionConfigurationPlatforms) = preSolution
		Debug|Any CPU = Debug|Any CPU
		Release|Any CPU = Release|Any CPU
	EndGlobalSection
	GlobalSection(ProjectConfigurationPlatforms) = postSolution
		{5FB644D7-F4F3-4C8F-A91A-EAEACE1F6889}.Debug|Any CPU.ActiveCfg = Debug|Any CPU
		{5FB644D7-F4F3-4C8F-A91A-EAEACE1F6889}.Debug|Any CPU.Build.0 = Debug|Any CPU
		{5FB644D7-F4F3-4C8F-A91A-EAEACE1F6889}.Release|Any CPU.ActiveCfg = Release|Any CPU
		{5FB644D7-F4F3-4C8F-A91A-EAEACE1F6889}.Release|Any CPU.Build.0 = Release|Any CPU
	EndGlobalSection
	GlobalSection(SolutionProperties) = preSolution
		HideSolutionNode = FALSE
	EndGlobalSection
	GlobalSection(ExtensibilityGlobals) = postSolution
		SolutionGuid = {FB9BD5EE-0683-4588-9E6E-F894AF465B87}
	EndGlobalSection
EndGlobal
